// !$*UTF8*$!
{
	archiveVersion = 1;
	classes = {
	};
	objectVersion = 46;
	objects = {

/* Begin PBXBuildFile section */
		7E51E6881CC596F300BD020B /* AppDelegate.swift in Sources */ = {isa = PBXBuildFile; fileRef = 7E51E6871CC596F300BD020B /* AppDelegate.swift */; };
		7E51E68A1CC596F300BD020B /* ViewController.swift in Sources */ = {isa = PBXBuildFile; fileRef = 7E51E6891CC596F300BD020B /* ViewController.swift */; };
		7E51E68D1CC596F300BD020B /* Main.storyboard in Resources */ = {isa = PBXBuildFile; fileRef = 7E51E68B1CC596F300BD020B /* Main.storyboard */; };
		7E51E68F1CC596F300BD020B /* Assets.xcassets in Resources */ = {isa = PBXBuildFile; fileRef = 7E51E68E1CC596F300BD020B /* Assets.xcassets */; };
		7E51E6921CC596F300BD020B /* LaunchScreen.storyboard in Resources */ = {isa = PBXBuildFile; fileRef = 7E51E6901CC596F300BD020B /* LaunchScreen.storyboard */; };
		7E51E69D1CC596F300BD020B /* projectTests.swift in Sources */ = {isa = PBXBuildFile; fileRef = 7E51E69C1CC596F300BD020B /* projectTests.swift */; };
/* End PBXBuildFile section */

/* Begin PBXContainerItemProxy section */
		7E51E6991CC596F300BD020B /* PBXContainerItemProxy */ = {
			isa = PBXContainerItemProxy;
			containerPortal = 7E51E67C1CC596F300BD020B /* Project object */;
			proxyType = 1;
			remoteGlobalIDString = 7E51E6831CC596F300BD020B;
			remoteInfo = project;
		};
/* End PBXContainerItemProxy section */

/* Begin PBXFileReference section */
		7E51E6841CC596F300BD020B /* project.app */ = {isa = PBXFileReference; explicitFileType = wrapper.application; includeInIndex = 0; path = project.app; sourceTree = BUILT_PRODUCTS_DIR; };
		7E51E6871CC596F300BD020B /* AppDelegate.swift */ = {isa = PBXFileReference; lastKnownFileType = sourcecode.swift; path = AppDelegate.swift; sourceTree = "<group>"; };
		7E51E6891CC596F300BD020B /* ViewController.swift */ = {isa = PBXFileReference; lastKnownFileType = sourcecode.swift; path = ViewController.swift; sourceTree = "<group>"; };
		7E51E68C1CC596F300BD020B /* Base */ = {isa = PBXFileReference; lastKnownFileType = file.storyboard; name = Base; path = Base.lproj/Main.storyboard; sourceTree = "<group>"; };
		7E51E68E1CC596F300BD020B /* Assets.xcassets */ = {isa = PBXFileReference; lastKnownFileType = folder.assetcatalog; path = Assets.xcassets; sourceTree = "<group>"; };
		7E51E6911CC596F300BD020B /* Base */ = {isa = PBXFileReference; lastKnownFileType = file.storyboard; name = Base; path = Base.lproj/LaunchScreen.storyboard; sourceTree = "<group>"; };
		7E51E6931CC596F300BD020B /* Info.plist */ = {isa = PBXFileReference; lastKnownFileType = text.plist.xml; path = Info.plist; sourceTree = "<group>"; };
		7E51E6981CC596F300BD020B /* projectTests.xctest */ = {isa = PBXFileReference; explicitFileType = wrapper.cfbundle; includeInIndex = 0; path = projectTests.xctest; sourceTree = BUILT_PRODUCTS_DIR; };
		7E51E69C1CC596F300BD020B /* projectTests.swift */ = {isa = PBXFileReference; lastKnownFileType = sourcecode.swift; path = projectTests.swift; sourceTree = "<group>"; };
		7E51E69E1CC596F300BD020B /* Info.plist */ = {isa = PBXFileReference; lastKnownFileType = text.plist.xml; path = Info.plist; sourceTree = "<group>"; };
/* End PBXFileReference section */

/* Begin PBXFrameworksBuildPhase section */
		7E51E6811CC596F300BD020B /* Frameworks */ = {
			isa = PBXFrameworksBuildPhase;
			buildActionMask = 2147483647;
			files = (
			);
			runOnlyForDeploymentPostprocessing = 0;
		};
		7E51E6951CC596F300BD020B /* Frameworks */ = {
			isa = PBXFrameworksBuildPhase;
			buildActionMask = 2147483647;
			files = (
			);
			runOnlyForDeploymentPostprocessing = 0;
		};
/* End PBXFrameworksBuildPhase section */

/* Begin PBXGroup section */
		7E51E67B1CC596F300BD020B = {
			isa = PBXGroup;
			children = (
				7E51E6861CC596F300BD020B /* project */,
				7E51E69B1CC596F300BD020B /* projectTests */,
				7E51E6851CC596F300BD020B /* Products */,
			);
			sourceTree = "<group>";
		};
		7E51E6851CC596F300BD020B /* Products */ = {
			isa = PBXGroup;
			children = (
				7E51E6841CC596F300BD020B /* project.app */,
				7E51E6981CC596F300BD020B /* projectTests.xctest */,
			);
			name = Products;
			sourceTree = "<group>";
		};
		7E51E6861CC596F300BD020B /* project */ = {
			isa = PBXGroup;
			children = (
				7E51E6871CC596F300BD020B /* AppDelegate.swift */,
				7E51E6891CC596F300BD020B /* ViewController.swift */,
				7E51E68B1CC596F300BD020B /* Main.storyboard */,
				7E51E68E1CC596F300BD020B /* Assets.xcassets */,
				7E51E6901CC596F300BD020B /* LaunchScreen.storyboard */,
				7E51E6931CC596F300BD020B /* Info.plist */,
			);
			path = project;
			sourceTree = "<group>";
		};
		7E51E69B1CC596F300BD020B /* projectTests */ = {
			isa = PBXGroup;
			children = (
				7E51E69C1CC596F300BD020B /* projectTests.swift */,
				7E51E69E1CC596F300BD020B /* Info.plist */,
			);
			path = projectTests;
			sourceTree = "<group>";
		};
/* End PBXGroup section */

/* Begin PBXNativeTarget section */
		7E51E6831CC596F300BD020B /* project */ = {
			isa = PBXNativeTarget;
			buildConfigurationList = 7E51E6A11CC596F300BD020B /* Build configuration list for PBXNativeTarget "project" */;
			buildPhases = (
				7E51E6801CC596F300BD020B /* Sources */,
				7E51E6811CC596F300BD020B /* Frameworks */,
				7E51E6821CC596F300BD020B /* Resources */,
			);
			buildRules = (
			);
			dependencies = (
			);
			name = project;
			productName = project;
			productReference = 7E51E6841CC596F300BD020B /* project.app */;
			productType = "com.apple.product-type.application";
		};
		7E51E6971CC596F300BD020B /* projectTests */ = {
			isa = PBXNativeTarget;
			buildConfigurationList = 7E51E6A41CC596F300BD020B /* Build configuration list for PBXNativeTarget "projectTests" */;
			buildPhases = (
				7E51E6941CC596F300BD020B /* Sources */,
				7E51E6951CC596F300BD020B /* Frameworks */,
				7E51E6961CC596F300BD020B /* Resources */,
			);
			buildRules = (
			);
			dependencies = (
				7E51E69A1CC596F300BD020B /* PBXTargetDependency */,
			);
			name = projectTests;
			productName = projectTests;
			productReference = 7E51E6981CC596F300BD020B /* projectTests.xctest */;
			productType = "com.apple.product-type.bundle.unit-test";
		};
/* End PBXNativeTarget section */

/* Begin PBXProject section */
		7E51E67C1CC596F300BD020B /* Project object */ = {
			isa = PBXProject;
			attributes = {
				LastSwiftUpdateCheck = 0720;
				LastUpgradeCheck = 0720;
				ORGANIZATIONNAME = "Amarbayasgalan Batbaatar";
				TargetAttributes = {
					7E51E6831CC596F300BD020B = {
						CreatedOnToolsVersion = 7.2.1;
					};
					7E51E6971CC596F300BD020B = {
						CreatedOnToolsVersion = 7.2.1;
						TestTargetID = 7E51E6831CC596F300BD020B;
					};
				};
			};
			buildConfigurationList = 7E51E67F1CC596F300BD020B /* Build configuration list for PBXProject "project" */;
			compatibilityVersion = "Xcode 3.2";
			developmentRegion = English;
			hasScannedForEncodings = 0;
			knownRegions = (
				en,
				Base,
			);
			mainGroup = 7E51E67B1CC596F300BD020B;
			productRefGroup = 7E51E6851CC596F300BD020B /* Products */;
			projectDirPath = "";
			projectRoot = "";
			targets = (
				7E51E6831CC596F300BD020B /* project */,
				7E51E6971CC596F300BD020B /* projectTests */,
			);
		};
/* End PBXProject section */

/* Begin PBXResourcesBuildPhase section */
		7E51E6821CC596F300BD020B /* Resources */ = {
			isa = PBXResourcesBuildPhase;
			buildActionMask = 2147483647;
			files = (
				7E51E6921CC596F300BD020B /* LaunchScreen.storyboard in Resources */,
				7E51E68F1CC596F300BD020B /* Assets.xcassets in Resources */,
				7E51E68D1CC596F300BD020B /* Main.storyboard in Resources */,
			);
			runOnlyForDeploymentPostprocessing = 0;
		};
		7E51E6961CC596F300BD020B /* Resources */ = {
			isa = PBXResourcesBuildPhase;
			buildActionMask = 2147483647;
			files = (
			);
			runOnlyForDeploymentPostprocessing = 0;
		};
/* End PBXResourcesBuildPhase section */

/* Begin PBXSourcesBuildPhase section */
		7E51E6801CC596F300BD020B /* Sources */ = {
			isa = PBXSourcesBuildPhase;
			buildActionMask = 2147483647;
			files = (
				7E51E68A1CC596F300BD020B /* ViewController.swift in Sources */,
				7E51E6881CC596F300BD020B /* AppDelegate.swift in Sources */,
			);
			runOnlyForDeploymentPostprocessing = 0;
		};
		7E51E6941CC596F300BD020B /* Sources */ = {
			isa = PBXSourcesBuildPhase;
			buildActionMask = 2147483647;
			files = (
				7E51E69D1CC596F300BD020B /* projectTests.swift in Sources */,
			);
			runOnlyForDeploymentPostprocessing = 0;
		};
/* End PBXSourcesBuildPhase section */

/* Begin PBXTargetDependency section */
		7E51E69A1CC596F300BD020B /* PBXTargetDependency */ = {
			isa = PBXTargetDependency;
			target = 7E51E6831CC596F300BD020B /* project */;
			targetProxy = 7E51E6991CC596F300BD020B /* PBXContainerItemProxy */;
		};
/* End PBXTargetDependency section */

/* Begin PBXVariantGroup section */
		7E51E68B1CC596F300BD020B /* Main.storyboard */ = {
			isa = PBXVariantGroup;
			children = (
				7E51E68C1CC596F300BD020B /* Base */,
			);
			name = Main.storyboard;
			sourceTree = "<group>";
		};
		7E51E6901CC596F300BD020B /* LaunchScreen.storyboard */ = {
			isa = PBXVariantGroup;
			children = (
				7E51E6911CC596F300BD020B /* Base */,
			);
			name = LaunchScreen.storyboard;
			sourceTree = "<group>";
		};
/* End PBXVariantGroup section */

/* Begin XCBuildConfiguration section */
		7E51E69F1CC596F300BD020B /* Debug */ = {
			isa = XCBuildConfiguration;
			buildSettings = {
				ALWAYS_SEARCH_USER_PATHS = NO;
				CLANG_CXX_LANGUAGE_STANDARD = "gnu++0x";
				CLANG_CXX_LIBRARY = "libc++";
				CLANG_ENABLE_MODULES = YES;
				CLANG_ENABLE_OBJC_ARC = YES;
				CLANG_WARN_BOOL_CONVERSION = YES;
				CLANG_WARN_CONSTANT_CONVERSION = YES;
				CLANG_WARN_DIRECT_OBJC_ISA_USAGE = YES_ERROR;
				CLANG_WARN_EMPTY_BODY = YES;
				CLANG_WARN_ENUM_CONVERSION = YES;
				CLANG_WARN_INT_CONVERSION = YES;
				CLANG_WARN_OBJC_ROOT_CLASS = YES_ERROR;
				CLANG_WARN_UNREACHABLE_CODE = YES;
				CLANG_WARN__DUPLICATE_METHOD_MATCH = YES;
				"CODE_SIGN_IDENTITY[sdk=iphoneos*]" = "iPhone Developer";
				COPY_PHASE_STRIP = NO;
				DEBUG_INFORMATION_FORMAT = dwarf;
				ENABLE_STRICT_OBJC_MSGSEND = YES;
				ENABLE_TESTABILITY = YES;
				GCC_C_LANGUAGE_STANDARD = gnu99;
				GCC_DYNAMIC_NO_PIC = NO;
				GCC_NO_COMMON_BLOCKS = YES;
				GCC_OPTIMIZATION_LEVEL = 0;
				GCC_PREPROCESSOR_DEFINITIONS = (
					"DEBUG=1",
					"$(inherited)",
				);
				GCC_WARN_64_TO_32_BIT_CONVERSION = YES;
				GCC_WARN_ABOUT_RETURN_TYPE = YES_ERROR;
				GCC_WARN_UNDECLARED_SELECTOR = YES;
				GCC_WARN_UNINITIALIZED_AUTOS = YES_AGGRESSIVE;
				GCC_WARN_UNUSED_FUNCTION = YES;
				GCC_WARN_UNUSED_VARIABLE = YES;
				IPHONEOS_DEPLOYMENT_TARGET = 9.2;
				MTL_ENABLE_DEBUG_INFO = YES;
				ONLY_ACTIVE_ARCH = YES;
				SDKROOT = iphoneos;
				SWIFT_OPTIMIZATION_LEVEL = "-Onone";
				TARGETED_DEVICE_FAMILY = "1,2";
			};
			name = Debug;
		};
		7E51E6A01CC596F300BD020B /* Release */ = {
			isa = XCBuildConfiguration;
			buildSettings = {
				ALWAYS_SEARCH_USER_PATHS = NO;
				CLANG_CXX_LANGUAGE_STANDARD = "gnu++0x";
				CLANG_CXX_LIBRARY = "libc++";
				CLANG_ENABLE_MODULES = YES;
				CLANG_ENABLE_OBJC_ARC = YES;
				CLANG_WARN_BOOL_CONVERSION = YES;
				CLANG_WARN_CONSTANT_CONVERSION = YES;
				CLANG_WARN_DIRECT_OBJC_ISA_USAGE = YES_ERROR;
				CLANG_WARN_EMPTY_BODY = YES;
				CLANG_WARN_ENUM_CONVERSION = YES;
				CLANG_WARN_INT_CONVERSION = YES;
				CLANG_WARN_OBJC_ROOT_CLASS = YES_ERROR;
				CLANG_WARN_UNREACHABLE_CODE = YES;
				CLANG_WARN__DUPLICATE_METHOD_MATCH = YES;
				"CODE_SIGN_IDENTITY[sdk=iphoneos*]" = "iPhone Developer";
				COPY_PHASE_STRIP = NO;
				DEBUG_INFORMATION_FORMAT = "dwarf-with-dsym";
				ENABLE_NS_ASSERTIONS = NO;
				ENABLE_STRICT_OBJC_MSGSEND = YES;
				GCC_C_LANGUAGE_STANDARD = gnu99;
				GCC_NO_COMMON_BLOCKS = YES;
				GCC_WARN_64_TO_32_BIT_CONVERSION = YES;
				GCC_WARN_ABOUT_RETURN_TYPE = YES_ERROR;
				GCC_WARN_UNDECLARED_SELECTOR = YES;
				GCC_WARN_UNINITIALIZED_AUTOS = YES_AGGRESSIVE;
				GCC_WARN_UNUSED_FUNCTION = YES;
				GCC_WARN_UNUSED_VARIABLE = YES;
				IPHONEOS_DEPLOYMENT_TARGET = 9.2;
				MTL_ENABLE_DEBUG_INFO = NO;
				SDKROOT = iphoneos;
				TARGETED_DEVICE_FAMILY = "1,2";
				VALIDATE_PRODUCT = YES;
			};
			name = Release;
		};
		7E51E6A21CC596F300BD020B /* Debug */ = {
			isa = XCBuildConfiguration;
			buildSettings = {
				ASSETCATALOG_COMPILER_APPICON_NAME = AppIcon;
				INFOPLIST_FILE = project/Info.plist;
				LD_RUNPATH_SEARCH_PATHS = "$(inherited) @executable_path/Frameworks";
				PRODUCT_BUNDLE_IDENTIFIER = com.example.project;
				PRODUCT_NAME = "$(TARGET_NAME)";
			};
			name = Debug;
		};
		7E51E6A31CC596F300BD020B /* Release */ = {
			isa = XCBuildConfiguration;
			buildSettings = {
				ASSETCATALOG_COMPILER_APPICON_NAME = AppIcon;
				INFOPLIST_FILE = project/Info.plist;
				LD_RUNPATH_SEARCH_PATHS = "$(inherited) @executable_path/Frameworks";
				PRODUCT_BUNDLE_IDENTIFIER = com.example.project;
				PRODUCT_NAME = "$(TARGET_NAME)";
			};
			name = Release;
		};
		7E51E6A51CC596F300BD020B /* Debug */ = {
			isa = XCBuildConfiguration;
			buildSettings = {
				BUNDLE_LOADER = "$(TEST_HOST)";
				INFOPLIST_FILE = projectTests/Info.plist;
				LD_RUNPATH_SEARCH_PATHS = "$(inherited) @executable_path/Frameworks @loader_path/Frameworks";
				PRODUCT_BUNDLE_IDENTIFIER = com.example.projectTests;
				PRODUCT_NAME = "$(TARGET_NAME)";
				TEST_HOST = "$(BUILT_PRODUCTS_DIR)/project.app/project";
			};
			name = Debug;
		};
		7E51E6A61CC596F300BD020B /* Release */ = {
			isa = XCBuildConfiguration;
			buildSettings = {
				BUNDLE_LOADER = "$(TEST_HOST)";
				INFOPLIST_FILE = projectTests/Info.plist;
				LD_RUNPATH_SEARCH_PATHS = "$(inherited) @executable_path/Frameworks @loader_path/Frameworks";
				PRODUCT_BUNDLE_IDENTIFIER = com.example.projectTests;
				PRODUCT_NAME = "$(TARGET_NAME)";
				TEST_HOST = "$(BUILT_PRODUCTS_DIR)/project.app/project";
			};
			name = Release;
		};
/* End XCBuildConfiguration section */

/* Begin XCConfigurationList section */
		7E51E67F1CC596F300BD020B /* Build configuration list for PBXProject "project" */ = {
			isa = XCConfigurationList;
			buildConfigurations = (
				7E51E69F1CC596F300BD020B /* Debug */,
				7E51E6A01CC596F300BD020B /* Release */,
			);
			defaultConfigurationIsVisible = 0;
			defaultConfigurationName = Release;
		};
		7E51E6A11CC596F300BD020B /* Build configuration list for PBXNativeTarget "project" */ = {
			isa = XCConfigurationList;
			buildConfigurations = (
				7E51E6A21CC596F300BD020B /* Debug */,
				7E51E6A31CC596F300BD020B /* Release */,
			);
			defaultConfigurationIsVisible = 0;
		};
		7E51E6A41CC596F300BD020B /* Build configuration list for PBXNativeTarget "projectTests" */ = {
			isa = XCConfigurationList;
			buildConfigurations = (
				7E51E6A51CC596F300BD020B /* Debug */,
				7E51E6A61CC596F300BD020B /* Release */,
			);
			defaultConfigurationIsVisible = 0;
		};
/* End XCConfigurationList section */
	};
	rootObject = 7E51E67C1CC596F300BD020B /* Project object */;
}
