// !$*UTF8*$!
{
	archiveVersion = 1;
	classes = {
	};
	objectVersion = 46;
	objects = {

/* Begin PBXBuildFile section */
		7E51E6881CC596F300BD020B /* AppDelegate.swift in Sources */ = {isa = PBXBuildFile; fileRef = 7E51E6871CC596F300BD020B /* AppDelegate.swift */; };
		7E51E68A1CC596F300BD020B /* ViewController.swift in Sources */ = {isa = PBXBuildFile; fileRef = 7E51E6891CC596F300BD020B /* ViewController.swift */; };
		7E51E68D1CC596F300BD020B /* Main.storyboard in Resources */ = {isa = PBXBuildFile; fileRef = 7E51E68B1CC596F300BD020B /* Main.storyboard */; };
		7E51E68F1CC596F300BD020B /* Assets.xcassets in Resources */ = {isa = PBXBuildFile; fileRef = 7E51E68E1CC596F300BD020B /* Assets.xcassets */; };
		7E51E6921CC596F300BD020B /* LaunchScreen.storyboard in Resources */ = {isa = PBXBuildFile; fileRef = 7E51E6901CC596F300BD020B /* LaunchScreen.storyboard */; };
		7E51E69D1CC596F300BD020B /* projectTests.swift in Sources */ = {isa = PBXBuildFile; fileRef = 7E51E69C1CC596F300BD020B /* projectTests.swift */; };
		7E73ED931CCFCE6700B3478A /* ControllerForChat.swift in Sources */ = {isa = PBXBuildFile; fileRef = 7E73ED921CCFCE6700B3478A /* ControllerForChat.swift */; };
		7E73ED951CCFCE6E00B3478A /* LoginForChat.swift in Sources */ = {isa = PBXBuildFile; fileRef = 7E73ED941CCFCE6E00B3478A /* LoginForChat.swift */; };
		7E73ED971CCFCE9700B3478A /* MotionKit.swift in Sources */ = {isa = PBXBuildFile; fileRef = 7E73ED961CCFCE9700B3478A /* MotionKit.swift */; };
		7E73ED991CCFCE9D00B3478A /* GraphView.swift in Sources */ = {isa = PBXBuildFile; fileRef = 7E73ED981CCFCE9D00B3478A /* GraphView.swift */; };
		7E96EF521CCBBF4F00B13B5F /* CrowdController.swift in Sources */ = {isa = PBXBuildFile; fileRef = 7E96EF511CCBBF4F00B13B5F /* CrowdController.swift */; };
		7E96EF5A1CCBC46E00B13B5F /* Backend.swift in Sources */ = {isa = PBXBuildFile; fileRef = 7E96EF591CCBC46E00B13B5F /* Backend.swift */; };
		7E96EF5D1CCBC49D00B13B5F /* Constants.swift in Sources */ = {isa = PBXBuildFile; fileRef = 7E96EF5C1CCBC49D00B13B5F /* Constants.swift */; };
		7EB2EFA51CCD067700320CB6 /* QuartzCore.framework in Frameworks */ = {isa = PBXBuildFile; fileRef = 7EB2EFA41CCD067700320CB6 /* QuartzCore.framework */; };
		7EB2EFA71CCD069700320CB6 /* CoreGraphics.framework in Frameworks */ = {isa = PBXBuildFile; fileRef = 7EB2EFA61CCD069700320CB6 /* CoreGraphics.framework */; };
		7EB2EFA91CCD06AC00320CB6 /* UIKit.framework in Frameworks */ = {isa = PBXBuildFile; fileRef = 7EB2EFA81CCD06AC00320CB6 /* UIKit.framework */; };
		7EB2EFAB1CCD06C300320CB6 /* Foundation.framework in Frameworks */ = {isa = PBXBuildFile; fileRef = 7EB2EFAA1CCD06C300320CB6 /* Foundation.framework */; };
		EDCCF3C591985DA30AF8A20A /* Pods_project.framework in Frameworks */ = {isa = PBXBuildFile; fileRef = 85317DFDB23BF0A46EB8348E /* Pods_project.framework */; };
/* End PBXBuildFile section */

/* Begin PBXContainerItemProxy section */
		7E51E6991CC596F300BD020B /* PBXContainerItemProxy */ = {
			isa = PBXContainerItemProxy;
			containerPortal = 7E51E67C1CC596F300BD020B /* Project object */;
			proxyType = 1;
			remoteGlobalIDString = 7E51E6831CC596F300BD020B;
			remoteInfo = project;
		};
/* End PBXContainerItemProxy section */

/* Begin PBXFileReference section */
		07A32FCADCE2A76CC81210A3 /* Pods-project.release.xcconfig */ = {isa = PBXFileReference; includeInIndex = 1; lastKnownFileType = text.xcconfig; name = "Pods-project.release.xcconfig"; path = "Pods/Target Support Files/Pods-project/Pods-project.release.xcconfig"; sourceTree = "<group>"; };
		7E51E6841CC596F300BD020B /* project.app */ = {isa = PBXFileReference; explicitFileType = wrapper.application; includeInIndex = 0; path = project.app; sourceTree = BUILT_PRODUCTS_DIR; };
		7E51E6871CC596F300BD020B /* AppDelegate.swift */ = {isa = PBXFileReference; lastKnownFileType = sourcecode.swift; path = AppDelegate.swift; sourceTree = "<group>"; };
		7E51E6891CC596F300BD020B /* ViewController.swift */ = {isa = PBXFileReference; lastKnownFileType = sourcecode.swift; name = ViewController.swift; path = ../project/ViewController.swift; sourceTree = "<group>"; };
		7E51E68C1CC596F300BD020B /* Base */ = {isa = PBXFileReference; lastKnownFileType = file.storyboard; name = Base; path = Base.lproj/Main.storyboard; sourceTree = "<group>"; };
		7E51E68E1CC596F300BD020B /* Assets.xcassets */ = {isa = PBXFileReference; lastKnownFileType = folder.assetcatalog; path = Assets.xcassets; sourceTree = "<group>"; };
		7E51E6911CC596F300BD020B /* Base */ = {isa = PBXFileReference; lastKnownFileType = file.storyboard; name = Base; path = Base.lproj/LaunchScreen.storyboard; sourceTree = "<group>"; };
		7E51E6931CC596F300BD020B /* Info.plist */ = {isa = PBXFileReference; lastKnownFileType = text.plist.xml; path = Info.plist; sourceTree = "<group>"; };
		7E51E6981CC596F300BD020B /* projectTests.xctest */ = {isa = PBXFileReference; explicitFileType = wrapper.cfbundle; includeInIndex = 0; path = projectTests.xctest; sourceTree = BUILT_PRODUCTS_DIR; };
		7E51E69C1CC596F300BD020B /* projectTests.swift */ = {isa = PBXFileReference; lastKnownFileType = sourcecode.swift; path = projectTests.swift; sourceTree = "<group>"; };
		7E51E69E1CC596F300BD020B /* Info.plist */ = {isa = PBXFileReference; lastKnownFileType = text.plist.xml; path = Info.plist; sourceTree = "<group>"; };
		7E73ED911CCFCDE700B3478A /* Readme.rtf */ = {isa = PBXFileReference; lastKnownFileType = text.rtf; path = Readme.rtf; sourceTree = "<group>"; };
		7E73ED921CCFCE6700B3478A /* ControllerForChat.swift */ = {isa = PBXFileReference; fileEncoding = 4; lastKnownFileType = sourcecode.swift; name = ControllerForChat.swift; path = Chat/ControllerForChat.swift; sourceTree = SOURCE_ROOT; };
		7E73ED941CCFCE6E00B3478A /* LoginForChat.swift */ = {isa = PBXFileReference; fileEncoding = 4; lastKnownFileType = sourcecode.swift; name = LoginForChat.swift; path = Chat/LoginForChat.swift; sourceTree = SOURCE_ROOT; };
		7E73ED961CCFCE9700B3478A /* MotionKit.swift */ = {isa = PBXFileReference; fileEncoding = 4; lastKnownFileType = sourcecode.swift; name = MotionKit.swift; path = Supported/MotionKit.swift; sourceTree = SOURCE_ROOT; };
		7E73ED981CCFCE9D00B3478A /* GraphView.swift */ = {isa = PBXFileReference; fileEncoding = 4; lastKnownFileType = sourcecode.swift; name = GraphView.swift; path = Supported/GraphView.swift; sourceTree = SOURCE_ROOT; };
		7E96EF511CCBBF4F00B13B5F /* CrowdController.swift */ = {isa = PBXFileReference; fileEncoding = 4; lastKnownFileType = sourcecode.swift; name = CrowdController.swift; path = ../project/CrowdController.swift; sourceTree = "<group>"; };
		7E96EF591CCBC46E00B13B5F /* Backend.swift */ = {isa = PBXFileReference; fileEncoding = 4; lastKnownFileType = sourcecode.swift; path = Backend.swift; sourceTree = "<group>"; };
		7E96EF5C1CCBC49D00B13B5F /* Constants.swift */ = {isa = PBXFileReference; fileEncoding = 4; lastKnownFileType = sourcecode.swift; path = Constants.swift; sourceTree = "<group>"; };
		7EB2EFA41CCD067700320CB6 /* QuartzCore.framework */ = {isa = PBXFileReference; lastKnownFileType = wrapper.framework; name = QuartzCore.framework; path = System/Library/Frameworks/QuartzCore.framework; sourceTree = SDKROOT; };
		7EB2EFA61CCD069700320CB6 /* CoreGraphics.framework */ = {isa = PBXFileReference; lastKnownFileType = wrapper.framework; name = CoreGraphics.framework; path = System/Library/Frameworks/CoreGraphics.framework; sourceTree = SDKROOT; };
		7EB2EFA81CCD06AC00320CB6 /* UIKit.framework */ = {isa = PBXFileReference; lastKnownFileType = wrapper.framework; name = UIKit.framework; path = System/Library/Frameworks/UIKit.framework; sourceTree = SDKROOT; };
		7EB2EFAA1CCD06C300320CB6 /* Foundation.framework */ = {isa = PBXFileReference; lastKnownFileType = wrapper.framework; name = Foundation.framework; path = System/Library/Frameworks/Foundation.framework; sourceTree = SDKROOT; };
		7EB2EFB41CCD2B4500320CB6 /* Firebase.framework */ = {isa = PBXFileReference; lastKnownFileType = wrapper.framework; name = Firebase.framework; path = "../../../Library/Developer/Xcode/DerivedData/project-dadrhledofebtqgsxkludzfxkevi/Build/Products/Debug-iphonesimulator/Firebase.framework"; sourceTree = "<group>"; };
		85317DFDB23BF0A46EB8348E /* Pods_project.framework */ = {isa = PBXFileReference; explicitFileType = wrapper.framework; includeInIndex = 0; path = Pods_project.framework; sourceTree = BUILT_PRODUCTS_DIR; };
		9F8C28F67252C7B46A9945EB /* Pods-project.debug.xcconfig */ = {isa = PBXFileReference; includeInIndex = 1; lastKnownFileType = text.xcconfig; name = "Pods-project.debug.xcconfig"; path = "Pods/Target Support Files/Pods-project/Pods-project.debug.xcconfig"; sourceTree = "<group>"; };
/* End PBXFileReference section */

/* Begin PBXFrameworksBuildPhase section */
		7E51E6811CC596F300BD020B /* Frameworks */ = {
			isa = PBXFrameworksBuildPhase;
			buildActionMask = 2147483647;
			files = (
				7EB2EFAB1CCD06C300320CB6 /* Foundation.framework in Frameworks */,
				7EB2EFA91CCD06AC00320CB6 /* UIKit.framework in Frameworks */,
				7EB2EFA71CCD069700320CB6 /* CoreGraphics.framework in Frameworks */,
				7EB2EFA51CCD067700320CB6 /* QuartzCore.framework in Frameworks */,
				EDCCF3C591985DA30AF8A20A /* Pods_project.framework in Frameworks */,
			);
			runOnlyForDeploymentPostprocessing = 0;
		};
		7E51E6951CC596F300BD020B /* Frameworks */ = {
			isa = PBXFrameworksBuildPhase;
			buildActionMask = 2147483647;
			files = (
			);
			runOnlyForDeploymentPostprocessing = 0;
		};
/* End PBXFrameworksBuildPhase section */

/* Begin PBXGroup section */
		7E51E67B1CC596F300BD020B = {
			isa = PBXGroup;
			children = (
				7E73ED911CCFCDE700B3478A /* Readme.rtf */,
				7E51E6861CC596F300BD020B /* project */,
				7E96EF551CCBC01900B13B5F /* MainView */,
				7E96EF5B1CCBC49000B13B5F /* Constants */,
				7E96EF581CCBC46E00B13B5F /* Data */,
				7E51E69B1CC596F300BD020B /* projectTests */,
				7E51E6851CC596F300BD020B /* Products */,
				7E96EF5E1CCBC76000B13B5F /* Supported */,
				8777D1943A0CA1D046DDA1CF /* Pods */,
				F628E597C5F50DFF98AE840F /* Frameworks */,
			);
			sourceTree = "<group>";
		};
		7E51E6851CC596F300BD020B /* Products */ = {
			isa = PBXGroup;
			children = (
				7E51E6841CC596F300BD020B /* project.app */,
				7E51E6981CC596F300BD020B /* projectTests.xctest */,
			);
			name = Products;
			sourceTree = "<group>";
		};
		7E51E6861CC596F300BD020B /* project */ = {
			isa = PBXGroup;
			children = (
				7E51E6871CC596F300BD020B /* AppDelegate.swift */,
				7E51E68B1CC596F300BD020B /* Main.storyboard */,
				7E51E6901CC596F300BD020B /* LaunchScreen.storyboard */,
				7E51E68E1CC596F300BD020B /* Assets.xcassets */,
				7E51E6931CC596F300BD020B /* Info.plist */,
			);
			path = project;
			sourceTree = "<group>";
		};
		7E51E69B1CC596F300BD020B /* projectTests */ = {
			isa = PBXGroup;
			children = (
				7E51E69C1CC596F300BD020B /* projectTests.swift */,
				7E51E69E1CC596F300BD020B /* Info.plist */,
			);
			path = projectTests;
			sourceTree = "<group>";
		};
		7E73ED8A1CCFC83000B3478A /* Chat */ = {
			isa = PBXGroup;
			children = (
				7E73ED921CCFCE6700B3478A /* ControllerForChat.swift */,
				7E73ED941CCFCE6E00B3478A /* LoginForChat.swift */,
			);
			name = Chat;
			path = "untitled folder";
			sourceTree = SOURCE_ROOT;
		};
		7E96EF551CCBC01900B13B5F /* MainView */ = {
			isa = PBXGroup;
			children = (
				7E51E6891CC596F300BD020B /* ViewController.swift */,
				7E96EF511CCBBF4F00B13B5F /* CrowdController.swift */,
				7E73ED8A1CCFC83000B3478A /* Chat */,
			);
			path = MainView;
			sourceTree = "<group>";
		};
		7E96EF581CCBC46E00B13B5F /* Data */ = {
			isa = PBXGroup;
			children = (
				7E96EF591CCBC46E00B13B5F /* Backend.swift */,
			);
			path = Data;
			sourceTree = "<group>";
		};
		7E96EF5B1CCBC49000B13B5F /* Constants */ = {
			isa = PBXGroup;
			children = (
				7E96EF5C1CCBC49D00B13B5F /* Constants.swift */,
			);
			path = Constants;
			sourceTree = "<group>";
		};
		7E96EF5E1CCBC76000B13B5F /* Supported */ = {
			isa = PBXGroup;
			children = (
				7E73ED981CCFCE9D00B3478A /* GraphView.swift */,
				7E73ED961CCFCE9700B3478A /* MotionKit.swift */,
			);
			name = Supported;
			path = Additional;
			sourceTree = "<group>";
		};
		8777D1943A0CA1D046DDA1CF /* Pods */ = {
			isa = PBXGroup;
			children = (
				9F8C28F67252C7B46A9945EB /* Pods-project.debug.xcconfig */,
				07A32FCADCE2A76CC81210A3 /* Pods-project.release.xcconfig */,
			);
			name = Pods;
			sourceTree = "<group>";
		};
		F628E597C5F50DFF98AE840F /* Frameworks */ = {
			isa = PBXGroup;
			children = (
				7EB2EFB41CCD2B4500320CB6 /* Firebase.framework */,
				7EB2EFAA1CCD06C300320CB6 /* Foundation.framework */,
				7EB2EFA81CCD06AC00320CB6 /* UIKit.framework */,
				7EB2EFA61CCD069700320CB6 /* CoreGraphics.framework */,
				7EB2EFA41CCD067700320CB6 /* QuartzCore.framework */,
				85317DFDB23BF0A46EB8348E /* Pods_project.framework */,
			);
			name = Frameworks;
			sourceTree = "<group>";
		};
/* End PBXGroup section */

/* Begin PBXNativeTarget section */
		7E51E6831CC596F300BD020B /* project */ = {
			isa = PBXNativeTarget;
			buildConfigurationList = 7E51E6A11CC596F300BD020B /* Build configuration list for PBXNativeTarget "project" */;
			buildPhases = (
				0CFCF4328F92FBC3447D6CA8 /* Check Pods Manifest.lock */,
				7E51E6801CC596F300BD020B /* Sources */,
				7E51E6811CC596F300BD020B /* Frameworks */,
				7E51E6821CC596F300BD020B /* Resources */,
				9E59B8BD337D63DF3F0045E9 /* Embed Pods Frameworks */,
				E2F6D42A54C2EBF1FD9C1253 /* Copy Pods Resources */,
			);
			buildRules = (
			);
			dependencies = (
			);
			name = project;
			productName = project;
			productReference = 7E51E6841CC596F300BD020B /* project.app */;
			productType = "com.apple.product-type.application";
		};
		7E51E6971CC596F300BD020B /* projectTests */ = {
			isa = PBXNativeTarget;
			buildConfigurationList = 7E51E6A41CC596F300BD020B /* Build configuration list for PBXNativeTarget "projectTests" */;
			buildPhases = (
				7E51E6941CC596F300BD020B /* Sources */,
				7E51E6951CC596F300BD020B /* Frameworks */,
				7E51E6961CC596F300BD020B /* Resources */,
			);
			buildRules = (
			);
			dependencies = (
				7E51E69A1CC596F300BD020B /* PBXTargetDependency */,
			);
			name = projectTests;
			productName = projectTests;
			productReference = 7E51E6981CC596F300BD020B /* projectTests.xctest */;
			productType = "com.apple.product-type.bundle.unit-test";
		};
/* End PBXNativeTarget section */

/* Begin PBXProject section */
		7E51E67C1CC596F300BD020B /* Project object */ = {
			isa = PBXProject;
			attributes = {
				LastSwiftUpdateCheck = 0730;
				LastUpgradeCheck = 0720;
				ORGANIZATIONNAME = "Amarbayasgalan Batbaatar";
				TargetAttributes = {
					7E51E6831CC596F300BD020B = {
						CreatedOnToolsVersion = 7.2.1;
						DevelopmentTeam = WT98HY8PPQ;
					};
					7E51E6971CC596F300BD020B = {
						CreatedOnToolsVersion = 7.2.1;
						TestTargetID = 7E51E6831CC596F300BD020B;
					};
				};
			};
			buildConfigurationList = 7E51E67F1CC596F300BD020B /* Build configuration list for PBXProject "project" */;
			compatibilityVersion = "Xcode 3.2";
			developmentRegion = English;
			hasScannedForEncodings = 0;
			knownRegions = (
				en,
				Base,
			);
			mainGroup = 7E51E67B1CC596F300BD020B;
			productRefGroup = 7E51E6851CC596F300BD020B /* Products */;
			projectDirPath = "";
			projectRoot = "";
			targets = (
				7E51E6831CC596F300BD020B /* project */,
				7E51E6971CC596F300BD020B /* projectTests */,
			);
		};
/* End PBXProject section */

/* Begin PBXResourcesBuildPhase section */
		7E51E6821CC596F300BD020B /* Resources */ = {
			isa = PBXResourcesBuildPhase;
			buildActionMask = 2147483647;
			files = (
				7E51E6921CC596F300BD020B /* LaunchScreen.storyboard in Resources */,
				7E51E68F1CC596F300BD020B /* Assets.xcassets in Resources */,
				7E51E68D1CC596F300BD020B /* Main.storyboard in Resources */,
			);
			runOnlyForDeploymentPostprocessing = 0;
		};
		7E51E6961CC596F300BD020B /* Resources */ = {
			isa = PBXResourcesBuildPhase;
			buildActionMask = 2147483647;
			files = (
			);
			runOnlyForDeploymentPostprocessing = 0;
		};
/* End PBXResourcesBuildPhase section */

/* Begin PBXShellScriptBuildPhase section */
		0CFCF4328F92FBC3447D6CA8 /* Check Pods Manifest.lock */ = {
			isa = PBXShellScriptBuildPhase;
			buildActionMask = 2147483647;
			files = (
			);
			inputPaths = (
			);
			name = "Check Pods Manifest.lock";
			outputPaths = (
			);
			runOnlyForDeploymentPostprocessing = 0;
			shellPath = /bin/sh;
			shellScript = "diff \"${PODS_ROOT}/../Podfile.lock\" \"${PODS_ROOT}/Manifest.lock\" > /dev/null\nif [[ $? != 0 ]] ; then\n    cat << EOM\nerror: The sandbox is not in sync with the Podfile.lock. Run 'pod install' or update your CocoaPods installation.\nEOM\n    exit 1\nfi\n";
			showEnvVarsInLog = 0;
		};
		9E59B8BD337D63DF3F0045E9 /* Embed Pods Frameworks */ = {
			isa = PBXShellScriptBuildPhase;
			buildActionMask = 2147483647;
			files = (
			);
			inputPaths = (
			);
			name = "Embed Pods Frameworks";
			outputPaths = (
			);
			runOnlyForDeploymentPostprocessing = 0;
			shellPath = /bin/sh;
			shellScript = "\"${SRCROOT}/Pods/Target Support Files/Pods-project/Pods-project-frameworks.sh\"\n";
			showEnvVarsInLog = 0;
		};
		E2F6D42A54C2EBF1FD9C1253 /* Copy Pods Resources */ = {
			isa = PBXShellScriptBuildPhase;
			buildActionMask = 2147483647;
			files = (
			);
			inputPaths = (
			);
			name = "Copy Pods Resources";
			outputPaths = (
			);
			runOnlyForDeploymentPostprocessing = 0;
			shellPath = /bin/sh;
			shellScript = "\"${SRCROOT}/Pods/Target Support Files/Pods-project/Pods-project-resources.sh\"\n";
			showEnvVarsInLog = 0;
		};
/* End PBXShellScriptBuildPhase section */

/* Begin PBXSourcesBuildPhase section */
		7E51E6801CC596F300BD020B /* Sources */ = {
			isa = PBXSourcesBuildPhase;
			buildActionMask = 2147483647;
			files = (
				7E51E68A1CC596F300BD020B /* ViewController.swift in Sources */,
				7E96EF5A1CCBC46E00B13B5F /* Backend.swift in Sources */,
				7E51E6881CC596F300BD020B /* AppDelegate.swift in Sources */,
				7E73ED991CCFCE9D00B3478A /* GraphView.swift in Sources */,
				7E96EF521CCBBF4F00B13B5F /* CrowdController.swift in Sources */,
				7E73ED971CCFCE9700B3478A /* MotionKit.swift in Sources */,
				7E73ED931CCFCE6700B3478A /* ControllerForChat.swift in Sources */,
				7E73ED951CCFCE6E00B3478A /* LoginForChat.swift in Sources */,
				7E96EF5D1CCBC49D00B13B5F /* Constants.swift in Sources */,
			);
			runOnlyForDeploymentPostprocessing = 0;
		};
		7E51E6941CC596F300BD020B /* Sources */ = {
			isa = PBXSourcesBuildPhase;
			buildActionMask = 2147483647;
			files = (
				7E51E69D1CC596F300BD020B /* projectTests.swift in Sources */,
			);
			runOnlyForDeploymentPostprocessing = 0;
		};
/* End PBXSourcesBuildPhase section */

/* Begin PBXTargetDependency section */
		7E51E69A1CC596F300BD020B /* PBXTargetDependency */ = {
			isa = PBXTargetDependency;
			target = 7E51E6831CC596F300BD020B /* project */;
			targetProxy = 7E51E6991CC596F300BD020B /* PBXContainerItemProxy */;
		};
/* End PBXTargetDependency section */

/* Begin PBXVariantGroup section */
		7E51E68B1CC596F300BD020B /* Main.storyboard */ = {
			isa = PBXVariantGroup;
			children = (
				7E51E68C1CC596F300BD020B /* Base */,
			);
			name = Main.storyboard;
			sourceTree = "<group>";
		};
		7E51E6901CC596F300BD020B /* LaunchScreen.storyboard */ = {
			isa = PBXVariantGroup;
			children = (
				7E51E6911CC596F300BD020B /* Base */,
			);
			name = LaunchScreen.storyboard;
			sourceTree = "<group>";
		};
/* End PBXVariantGroup section */

/* Begin XCBuildConfiguration section */
		7E51E69F1CC596F300BD020B /* Debug */ = {
			isa = XCBuildConfiguration;
			buildSettings = {
				ALWAYS_SEARCH_USER_PATHS = NO;
				CLANG_CXX_LANGUAGE_STANDARD = "gnu++0x";
				CLANG_CXX_LIBRARY = "libc++";
				CLANG_ENABLE_MODULES = YES;
				CLANG_ENABLE_OBJC_ARC = YES;
				CLANG_WARN_BOOL_CONVERSION = YES;
				CLANG_WARN_CONSTANT_CONVERSION = YES;
				CLANG_WARN_DIRECT_OBJC_ISA_USAGE = YES_ERROR;
				CLANG_WARN_EMPTY_BODY = YES;
				CLANG_WARN_ENUM_CONVERSION = YES;
				CLANG_WARN_INT_CONVERSION = YES;
				CLANG_WARN_OBJC_ROOT_CLASS = YES_ERROR;
				CLANG_WARN_UNREACHABLE_CODE = YES;
				CLANG_WARN__DUPLICATE_METHOD_MATCH = YES;
				"CODE_SIGN_IDENTITY[sdk=iphoneos*]" = "iPhone Developer";
				COPY_PHASE_STRIP = NO;
				DEBUG_INFORMATION_FORMAT = dwarf;
				ENABLE_STRICT_OBJC_MSGSEND = YES;
				ENABLE_TESTABILITY = YES;
				GCC_C_LANGUAGE_STANDARD = gnu99;
				GCC_DYNAMIC_NO_PIC = NO;
				GCC_NO_COMMON_BLOCKS = YES;
				GCC_OPTIMIZATION_LEVEL = 0;
				GCC_PREPROCESSOR_DEFINITIONS = (
					"DEBUG=1",
					"$(inherited)",
				);
				GCC_WARN_64_TO_32_BIT_CONVERSION = YES;
				GCC_WARN_ABOUT_RETURN_TYPE = YES_ERROR;
				GCC_WARN_UNDECLARED_SELECTOR = YES;
				GCC_WARN_UNINITIALIZED_AUTOS = YES_AGGRESSIVE;
				GCC_WARN_UNUSED_FUNCTION = YES;
				GCC_WARN_UNUSED_VARIABLE = YES;
				IPHONEOS_DEPLOYMENT_TARGET = 9.3;
				MTL_ENABLE_DEBUG_INFO = YES;
				ONLY_ACTIVE_ARCH = YES;
				SDKROOT = iphoneos;
				SWIFT_OPTIMIZATION_LEVEL = "-Onone";
				TARGETED_DEVICE_FAMILY = "1,2";
			};
			name = Debug;
		};
		7E51E6A01CC596F300BD020B /* Release */ = {
			isa = XCBuildConfiguration;
			buildSettings = {
				ALWAYS_SEARCH_USER_PATHS = NO;
				CLANG_CXX_LANGUAGE_STANDARD = "gnu++0x";
				CLANG_CXX_LIBRARY = "libc++";
				CLANG_ENABLE_MODULES = YES;
				CLANG_ENABLE_OBJC_ARC = YES;
				CLANG_WARN_BOOL_CONVERSION = YES;
				CLANG_WARN_CONSTANT_CONVERSION = YES;
				CLANG_WARN_DIRECT_OBJC_ISA_USAGE = YES_ERROR;
				CLANG_WARN_EMPTY_BODY = YES;
				CLANG_WARN_ENUM_CONVERSION = YES;
				CLANG_WARN_INT_CONVERSION = YES;
				CLANG_WARN_OBJC_ROOT_CLASS = YES_ERROR;
				CLANG_WARN_UNREACHABLE_CODE = YES;
				CLANG_WARN__DUPLICATE_METHOD_MATCH = YES;
				"CODE_SIGN_IDENTITY[sdk=iphoneos*]" = "iPhone Developer";
				COPY_PHASE_STRIP = NO;
				DEBUG_INFORMATION_FORMAT = "dwarf-with-dsym";
				ENABLE_NS_ASSERTIONS = NO;
				ENABLE_STRICT_OBJC_MSGSEND = YES;
				GCC_C_LANGUAGE_STANDARD = gnu99;
				GCC_NO_COMMON_BLOCKS = YES;
				GCC_WARN_64_TO_32_BIT_CONVERSION = YES;
				GCC_WARN_ABOUT_RETURN_TYPE = YES_ERROR;
				GCC_WARN_UNDECLARED_SELECTOR = YES;
				GCC_WARN_UNINITIALIZED_AUTOS = YES_AGGRESSIVE;
				GCC_WARN_UNUSED_FUNCTION = YES;
				GCC_WARN_UNUSED_VARIABLE = YES;
				IPHONEOS_DEPLOYMENT_TARGET = 9.3;
				MTL_ENABLE_DEBUG_INFO = NO;
				SDKROOT = iphoneos;
				TARGETED_DEVICE_FAMILY = "1,2";
				VALIDATE_PRODUCT = YES;
			};
			name = Release;
		};
		7E51E6A21CC596F300BD020B /* Debug */ = {
			isa = XCBuildConfiguration;
			baseConfigurationReference = 9F8C28F67252C7B46A9945EB /* Pods-project.debug.xcconfig */;
			buildSettings = {
				ASSETCATALOG_COMPILER_APPICON_NAME = AppIcon;
				CLANG_ENABLE_MODULES = YES;
				CODE_SIGN_IDENTITY = "iPhone Developer";
				"CODE_SIGN_IDENTITY[sdk=iphoneos*]" = "iPhone Developer";
				FRAMEWORK_SEARCH_PATHS = "";
				INFOPLIST_FILE = project/Info.plist;
				IPHONEOS_DEPLOYMENT_TARGET = 9.3;
				LD_RUNPATH_SEARCH_PATHS = "$(inherited) @executable_path/Frameworks";
				PRODUCT_BUNDLE_IDENTIFIER = .com.amar.mcdj;
				PRODUCT_NAME = "$(TARGET_NAME)";
				PROVISIONING_PROFILE = "";
				SDKROOT = iphoneos;
				SWIFT_OBJC_BRIDGING_HEADER = "";
				SWIFT_OPTIMIZATION_LEVEL = "-Onone";
				TARGETED_DEVICE_FAMILY = 1;
			};
			name = Debug;
		};
		7E51E6A31CC596F300BD020B /* Release */ = {
			isa = XCBuildConfiguration;
			baseConfigurationReference = 07A32FCADCE2A76CC81210A3 /* Pods-project.release.xcconfig */;
			buildSettings = {
				ASSETCATALOG_COMPILER_APPICON_NAME = AppIcon;
				CLANG_ENABLE_MODULES = YES;
				CODE_SIGN_IDENTITY = "iPhone Developer";
				"CODE_SIGN_IDENTITY[sdk=iphoneos*]" = "iPhone Developer";
				FRAMEWORK_SEARCH_PATHS = "";
				INFOPLIST_FILE = project/Info.plist;
				IPHONEOS_DEPLOYMENT_TARGET = 9.3;
				LD_RUNPATH_SEARCH_PATHS = "$(inherited) @executable_path/Frameworks";
				PRODUCT_BUNDLE_IDENTIFIER = .com.amar.mcdj;
				PRODUCT_NAME = "$(TARGET_NAME)";
				PROVISIONING_PROFILE = "";
				SDKROOT = iphoneos;
				SWIFT_OBJC_BRIDGING_HEADER = "";
				TARGETED_DEVICE_FAMILY = 1;
			};
			name = Release;
		};
		7E51E6A51CC596F300BD020B /* Debug */ = {
			isa = XCBuildConfiguration;
			buildSettings = {
				BUNDLE_LOADER = "$(TEST_HOST)";
				INFOPLIST_FILE = projectTests/Info.plist;
				LD_RUNPATH_SEARCH_PATHS = "$(inherited) @executable_path/Frameworks @loader_path/Frameworks";
				PRODUCT_BUNDLE_IDENTIFIER = com.example.projectTests;
				PRODUCT_NAME = "$(TARGET_NAME)";
				TEST_HOST = "$(BUILT_PRODUCTS_DIR)/project.app/project";
			};
			name = Debug;
		};
		7E51E6A61CC596F300BD020B /* Release */ = {
			isa = XCBuildConfiguration;
			buildSettings = {
				BUNDLE_LOADER = "$(TEST_HOST)";
				INFOPLIST_FILE = projectTests/Info.plist;
				LD_RUNPATH_SEARCH_PATHS = "$(inherited) @executable_path/Frameworks @loader_path/Frameworks";
				PRODUCT_BUNDLE_IDENTIFIER = com.example.projectTests;
				PRODUCT_NAME = "$(TARGET_NAME)";
				TEST_HOST = "$(BUILT_PRODUCTS_DIR)/project.app/project";
			};
			name = Release;
		};
/* End XCBuildConfiguration section */

/* Begin XCConfigurationList section */
		7E51E67F1CC596F300BD020B /* Build configuration list for PBXProject "project" */ = {
			isa = XCConfigurationList;
			buildConfigurations = (
				7E51E69F1CC596F300BD020B /* Debug */,
				7E51E6A01CC596F300BD020B /* Release */,
			);
			defaultConfigurationIsVisible = 0;
			defaultConfigurationName = Release;
		};
		7E51E6A11CC596F300BD020B /* Build configuration list for PBXNativeTarget "project" */ = {
			isa = XCConfigurationList;
			buildConfigurations = (
				7E51E6A21CC596F300BD020B /* Debug */,
				7E51E6A31CC596F300BD020B /* Release */,
			);
			defaultConfigurationIsVisible = 0;
			defaultConfigurationName = Release;
		};
		7E51E6A41CC596F300BD020B /* Build configuration list for PBXNativeTarget "projectTests" */ = {
			isa = XCConfigurationList;
			buildConfigurations = (
				7E51E6A51CC596F300BD020B /* Debug */,
				7E51E6A61CC596F300BD020B /* Release */,
			);
			defaultConfigurationIsVisible = 0;
			defaultConfigurationName = Release;
		};
/* End XCConfigurationList section */
	};
	rootObject = 7E51E67C1CC596F300BD020B /* Project object */;
}
